
Microsoft Visual Studio Solution File, Format Version 12.00
# Visual Studio Version 17
VisualStudioVersion = 17.11.35219.272
MinimumVisualStudioVersion = 10.0.40219.1
Project("{888888A0-9F3D-457C-B088-3A5042F75D52}") = "AdventOfCode2015Day3", "AdventOfCode2015Day3\AdventOfCode2015Day3.pyproj", "{62CD60E3-C6A3-40C8-91FF-3D3D21B601EB}"
EndProject
Global
	GlobalSection(SolutionConfigurationPlatforms) = preSolution
		Debug|Any CPU = Debug|Any CPU
		Release|Any CPU = Release|Any CPU
	EndGlobalSection
	GlobalSection(ProjectConfigurationPlatforms) = postSolution
		{62CD60E3-C6A3-40C8-91FF-3D3D21B601EB}.Debug|Any CPU.ActiveCfg = Debug|Any CPU
		{62CD60E3-C6A3-40C8-91FF-3D3D21B601EB}.Release|Any CPU.ActiveCfg = Release|Any CPU
	EndGlobalSection
	GlobalSection(SolutionProperties) = preSolution
		HideSolutionNode = FALSE
	EndGlobalSection
	GlobalSection(ExtensibilityGlobals) = postSolution
		SolutionGuid = {373538A5-AD53-4178-8E8F-3C4AF7779E76}
	EndGlobalSection
EndGlobal
